
Microsoft Visual Studio Solution File, Format Version 12.00
# Visual Studio Version 17
VisualStudioVersion = 17.8.34511.84
MinimumVisualStudioVersion = 10.0.40219.1
Project("{9A19103F-16F7-4668-BE54-9A1E7A4F7556}") = "BlazinBlog", "BlazinBlog\BlazinBlog.csproj", "{ECEE8AF6-E2FA-4EBE-853C-BE848AB63601}"
EndProject
Global
	GlobalSection(SolutionConfigurationPlatforms) = preSolution
		Debug|Any CPU = Debug|Any CPU
		Release|Any CPU = Release|Any CPU
	EndGlobalSection
	GlobalSection(ProjectConfigurationPlatforms) = postSolution
		{ECEE8AF6-E2FA-4EBE-853C-BE848AB63601}.Debug|Any CPU.ActiveCfg = Debug|Any CPU
		{ECEE8AF6-E2FA-4EBE-853C-BE848AB63601}.Debug|Any CPU.Build.0 = Debug|Any CPU
		{ECEE8AF6-E2FA-4EBE-853C-BE848AB63601}.Release|Any CPU.ActiveCfg = Release|Any CPU
		{ECEE8AF6-E2FA-4EBE-853C-BE848AB63601}.Release|Any CPU.Build.0 = Release|Any CPU
	EndGlobalSection
	GlobalSection(SolutionProperties) = preSolution
		HideSolutionNode = FALSE
	EndGlobalSection
	GlobalSection(ExtensibilityGlobals) = postSolution
		SolutionGuid = {5F83DDAC-884F-47EF-91F1-570198140EFA}
	EndGlobalSection
EndGlobal
